
Microsoft Visual Studio Solution File, Format Version 12.00
# Visual Studio Version 17
VisualStudioVersion = 17.12.35707.178 d17.12
MinimumVisualStudioVersion = 10.0.40219.1
Project("{FAE04EC0-301F-11D3-BF4B-00C04F79EFBC}") = "W25W3IntroToInheritance", "W25W3IntroToInheritance\W25W3IntroToInheritance.csproj", "{FC1BAAAB-E80F-4490-BA8C-38A3EC75A407}"
EndProject
Global
	GlobalSection(SolutionConfigurationPlatforms) = preSolution
		Debug|Any CPU = Debug|Any CPU
		Release|Any CPU = Release|Any CPU
	EndGlobalSection
	GlobalSection(ProjectConfigurationPlatforms) = postSolution
		{FC1BAAAB-E80F-4490-BA8C-38A3EC75A407}.Debug|Any CPU.ActiveCfg = Debug|Any CPU
		{FC1BAAAB-E80F-4490-BA8C-38A3EC75A407}.Debug|Any CPU.Build.0 = Debug|Any CPU
		{FC1BAAAB-E80F-4490-BA8C-38A3EC75A407}.Release|Any CPU.ActiveCfg = Release|Any CPU
		{FC1BAAAB-E80F-4490-BA8C-38A3EC75A407}.Release|Any CPU.Build.0 = Release|Any CPU
	EndGlobalSection
	GlobalSection(SolutionProperties) = preSolution
		HideSolutionNode = FALSE
	EndGlobalSection
EndGlobal
